// !$*UTF8*$!
{
	archiveVersion = 1;
	classes = {
	};
	objectVersion = 50;
	objects = {

/* Begin PBXBuildFile section */
		04754B510219705CA117D21F /* Pods_PodsInstallation.framework in Frameworks */ = {isa = PBXBuildFile; fileRef = 66A26F60169E9C6F563F42DD /* Pods_PodsInstallation.framework */; };
		ECAB023D23A79450008D0E1B /* AppDelegate.swift in Sources */ = {isa = PBXBuildFile; fileRef = ECAB023C23A79450008D0E1B /* AppDelegate.swift */; };
		ECAB023F23A79450008D0E1B /* ViewController.swift in Sources */ = {isa = PBXBuildFile; fileRef = ECAB023E23A79450008D0E1B /* ViewController.swift */; };
		ECAB024223A79450008D0E1B /* Main.storyboard in Resources */ = {isa = PBXBuildFile; fileRef = ECAB024023A79450008D0E1B /* Main.storyboard */; };
		ECAB024423A79452008D0E1B /* Assets.xcassets in Resources */ = {isa = PBXBuildFile; fileRef = ECAB024323A79452008D0E1B /* Assets.xcassets */; };
		ECAB024723A79452008D0E1B /* LaunchScreen.storyboard in Resources */ = {isa = PBXBuildFile; fileRef = ECAB024523A79452008D0E1B /* LaunchScreen.storyboard */; };
/* End PBXBuildFile section */

/* Begin PBXFileReference section */
		3A28DB5F852C12DD937BB8DF /* Pods-PodsInstallation.release.xcconfig */ = {isa = PBXFileReference; includeInIndex = 1; lastKnownFileType = text.xcconfig; name = "Pods-PodsInstallation.release.xcconfig"; path = "Target Support Files/Pods-PodsInstallation/Pods-PodsInstallation.release.xcconfig"; sourceTree = "<group>"; };
		66A26F60169E9C6F563F42DD /* Pods_PodsInstallation.framework */ = {isa = PBXFileReference; explicitFileType = wrapper.framework; includeInIndex = 0; path = Pods_PodsInstallation.framework; sourceTree = BUILT_PRODUCTS_DIR; };
		67D9156135E56DDCAF1836FE /* Pods-PodsInstallation.debug.xcconfig */ = {isa = PBXFileReference; includeInIndex = 1; lastKnownFileType = text.xcconfig; name = "Pods-PodsInstallation.debug.xcconfig"; path = "Target Support Files/Pods-PodsInstallation/Pods-PodsInstallation.debug.xcconfig"; sourceTree = "<group>"; };
		ECAB023923A79450008D0E1B /* PodsInstallation.app */ = {isa = PBXFileReference; explicitFileType = wrapper.application; includeInIndex = 0; path = PodsInstallation.app; sourceTree = BUILT_PRODUCTS_DIR; };
		ECAB023C23A79450008D0E1B /* AppDelegate.swift */ = {isa = PBXFileReference; lastKnownFileType = sourcecode.swift; path = AppDelegate.swift; sourceTree = "<group>"; };
		ECAB023E23A79450008D0E1B /* ViewController.swift */ = {isa = PBXFileReference; lastKnownFileType = sourcecode.swift; path = ViewController.swift; sourceTree = "<group>"; };
		ECAB024123A79450008D0E1B /* Base */ = {isa = PBXFileReference; lastKnownFileType = file.storyboard; name = Base; path = Base.lproj/Main.storyboard; sourceTree = "<group>"; };
		ECAB024323A79452008D0E1B /* Assets.xcassets */ = {isa = PBXFileReference; lastKnownFileType = folder.assetcatalog; path = Assets.xcassets; sourceTree = "<group>"; };
		ECAB024623A79452008D0E1B /* Base */ = {isa = PBXFileReference; lastKnownFileType = file.storyboard; name = Base; path = Base.lproj/LaunchScreen.storyboard; sourceTree = "<group>"; };
		ECAB024823A79452008D0E1B /* Info.plist */ = {isa = PBXFileReference; lastKnownFileType = text.plist.xml; path = Info.plist; sourceTree = "<group>"; };
/* End PBXFileReference section */

/* Begin PBXFrameworksBuildPhase section */
		ECAB023623A79450008D0E1B /* Frameworks */ = {
			isa = PBXFrameworksBuildPhase;
			buildActionMask = 2147483647;
			files = (
				04754B510219705CA117D21F /* Pods_PodsInstallation.framework in Frameworks */,
			);
			runOnlyForDeploymentPostprocessing = 0;
		};
/* End PBXFrameworksBuildPhase section */

/* Begin PBXGroup section */
		74D37D42B2C1F906F9BCDB0F /* Frameworks */ = {
			isa = PBXGroup;
			children = (
				66A26F60169E9C6F563F42DD /* Pods_PodsInstallation.framework */,
			);
			name = Frameworks;
			sourceTree = "<group>";
		};
		BCDFAA4D70851A48187DE951 /* Pods */ = {
			isa = PBXGroup;
			children = (
				67D9156135E56DDCAF1836FE /* Pods-PodsInstallation.debug.xcconfig */,
				3A28DB5F852C12DD937BB8DF /* Pods-PodsInstallation.release.xcconfig */,
			);
			name = Pods;
			path = Pods;
			sourceTree = "<group>";
		};
		ECAB023023A79450008D0E1B = {
			isa = PBXGroup;
			children = (
				ECAB023B23A79450008D0E1B /* PodsInstallation */,
				ECAB023A23A79450008D0E1B /* Products */,
				BCDFAA4D70851A48187DE951 /* Pods */,
				74D37D42B2C1F906F9BCDB0F /* Frameworks */,
			);
			sourceTree = "<group>";
		};
		ECAB023A23A79450008D0E1B /* Products */ = {
			isa = PBXGroup;
			children = (
				ECAB023923A79450008D0E1B /* PodsInstallation.app */,
			);
			name = Products;
			sourceTree = "<group>";
		};
		ECAB023B23A79450008D0E1B /* PodsInstallation */ = {
			isa = PBXGroup;
			children = (
				ECAB023C23A79450008D0E1B /* AppDelegate.swift */,
				ECAB023E23A79450008D0E1B /* ViewController.swift */,
				ECAB024023A79450008D0E1B /* Main.storyboard */,
				ECAB024323A79452008D0E1B /* Assets.xcassets */,
				ECAB024523A79452008D0E1B /* LaunchScreen.storyboard */,
				ECAB024823A79452008D0E1B /* Info.plist */,
			);
			path = PodsInstallation;
			sourceTree = "<group>";
		};
/* End PBXGroup section */

/* Begin PBXNativeTarget section */
		ECAB023823A79450008D0E1B /* PodsInstallation */ = {
			isa = PBXNativeTarget;
			buildConfigurationList = ECAB024B23A79452008D0E1B /* Build configuration list for PBXNativeTarget "PodsInstallation" */;
			buildPhases = (
				4523CBFC8AD8543374ABDEA3 /* [CP] Check Pods Manifest.lock */,
				ECAB023523A79450008D0E1B /* Sources */,
				ECAB023623A79450008D0E1B /* Frameworks */,
				ECAB023723A79450008D0E1B /* Resources */,
				1A9DD5DC898B181D284D0FB8 /* [CP] Embed Pods Frameworks */,
			);
			buildRules = (
			);
			dependencies = (
			);
			name = PodsInstallation;
			productName = PodsInstallation;
			productReference = ECAB023923A79450008D0E1B /* PodsInstallation.app */;
			productType = "com.apple.product-type.application";
		};
/* End PBXNativeTarget section */

/* Begin PBXProject section */
		ECAB023123A79450008D0E1B /* Project object */ = {
			isa = PBXProject;
			attributes = {
				LastSwiftUpdateCheck = 1020;
				LastUpgradeCheck = 1020;
				ORGANIZATIONNAME = trainee;
				TargetAttributes = {
					ECAB023823A79450008D0E1B = {
						CreatedOnToolsVersion = 10.2;
					};
				};
			};
			buildConfigurationList = ECAB023423A79450008D0E1B /* Build configuration list for PBXProject "PodsInstallation" */;
			compatibilityVersion = "Xcode 9.3";
			developmentRegion = en;
			hasScannedForEncodings = 0;
			knownRegions = (
				en,
				Base,
			);
			mainGroup = ECAB023023A79450008D0E1B;
			productRefGroup = ECAB023A23A79450008D0E1B /* Products */;
			projectDirPath = "";
			projectRoot = "";
			targets = (
				ECAB023823A79450008D0E1B /* PodsInstallation */,
			);
		};
/* End PBXProject section */

/* Begin PBXResourcesBuildPhase section */
		ECAB023723A79450008D0E1B /* Resources */ = {
			isa = PBXResourcesBuildPhase;
			buildActionMask = 2147483647;
			files = (
				ECAB024723A79452008D0E1B /* LaunchScreen.storyboard in Resources */,
				ECAB024423A79452008D0E1B /* Assets.xcassets in Resources */,
				ECAB024223A79450008D0E1B /* Main.storyboard in Resources */,
			);
			runOnlyForDeploymentPostprocessing = 0;
		};
/* End PBXResourcesBuildPhase section */

/* Begin PBXShellScriptBuildPhase section */
		1A9DD5DC898B181D284D0FB8 /* [CP] Embed Pods Frameworks */ = {
			isa = PBXShellScriptBuildPhase;
			buildActionMask = 2147483647;
			files = (
			);
			inputFileListPaths = (
				"${PODS_ROOT}/Target Support Files/Pods-PodsInstallation/Pods-PodsInstallation-frameworks-${CONFIGURATION}-input-files.xcfilelist",
			);
			name = "[CP] Embed Pods Frameworks";
			outputFileListPaths = (
				"${PODS_ROOT}/Target Support Files/Pods-PodsInstallation/Pods-PodsInstallation-frameworks-${CONFIGURATION}-output-files.xcfilelist",
			);
			runOnlyForDeploymentPostprocessing = 0;
			shellPath = /bin/sh;
			shellScript = "\"${PODS_ROOT}/Target Support Files/Pods-PodsInstallation/Pods-PodsInstallation-frameworks.sh\"\n";
			showEnvVarsInLog = 0;
		};
		4523CBFC8AD8543374ABDEA3 /* [CP] Check Pods Manifest.lock */ = {
			isa = PBXShellScriptBuildPhase;
			buildActionMask = 2147483647;
			files = (
			);
			inputFileListPaths = (
			);
			inputPaths = (
				"${PODS_PODFILE_DIR_PATH}/Podfile.lock",
				"${PODS_ROOT}/Manifest.lock",
			);
			name = "[CP] Check Pods Manifest.lock";
			outputFileListPaths = (
			);
			outputPaths = (
				"$(DERIVED_FILE_DIR)/Pods-PodsInstallation-checkManifestLockResult.txt",
			);
			runOnlyForDeploymentPostprocessing = 0;
			shellPath = /bin/sh;
			shellScript = "diff \"${PODS_PODFILE_DIR_PATH}/Podfile.lock\" \"${PODS_ROOT}/Manifest.lock\" > /dev/null\nif [ $? != 0 ] ; then\n    # print error to STDERR\n    echo \"error: The sandbox is not in sync with the Podfile.lock. Run 'pod install' or update your CocoaPods installation.\" >&2\n    exit 1\nfi\n# This output is used by Xcode 'outputs' to avoid re-running this script phase.\necho \"SUCCESS\" > \"${SCRIPT_OUTPUT_FILE_0}\"\n";
			showEnvVarsInLog = 0;
		};
/* End PBXShellScriptBuildPhase section */

/* Begin PBXSourcesBuildPhase section */
		ECAB023523A79450008D0E1B /* Sources */ = {
			isa = PBXSourcesBuildPhase;
			buildActionMask = 2147483647;
			files = (
				ECAB023F23A79450008D0E1B /* ViewController.swift in Sources */,
				ECAB023D23A79450008D0E1B /* AppDelegate.swift in Sources */,
			);
			runOnlyForDeploymentPostprocessing = 0;
		};
/* End PBXSourcesBuildPhase section */

/* Begin PBXVariantGroup section */
		ECAB024023A79450008D0E1B /* Main.storyboard */ = {
			isa = PBXVariantGroup;
			children = (
				ECAB024123A79450008D0E1B /* Base */,
			);
			name = Main.storyboard;
			sourceTree = "<group>";
		};
		ECAB024523A79452008D0E1B /* LaunchScreen.storyboard */ = {
			isa = PBXVariantGroup;
			children = (
				ECAB024623A79452008D0E1B /* Base */,
			);
			name = LaunchScreen.storyboard;
			sourceTree = "<group>";
		};
/* End PBXVariantGroup section */

/* Begin XCBuildConfiguration section */
		ECAB024923A79452008D0E1B /* Debug */ = {
			isa = XCBuildConfiguration;
			buildSettings = {
				ALWAYS_SEARCH_USER_PATHS = NO;
				CLANG_ANALYZER_NONNULL = YES;
				CLANG_ANALYZER_NUMBER_OBJECT_CONVERSION = YES_AGGRESSIVE;
				CLANG_CXX_LANGUAGE_STANDARD = "gnu++14";
				CLANG_CXX_LIBRARY = "libc++";
				CLANG_ENABLE_MODULES = YES;
				CLANG_ENABLE_OBJC_ARC = YES;
				CLANG_ENABLE_OBJC_WEAK = YES;
				CLANG_WARN_BLOCK_CAPTURE_AUTORELEASING = YES;
				CLANG_WARN_BOOL_CONVERSION = YES;
				CLANG_WARN_COMMA = YES;
				CLANG_WARN_CONSTANT_CONVERSION = YES;
				CLANG_WARN_DEPRECATED_OBJC_IMPLEMENTATIONS = YES;
				CLANG_WARN_DIRECT_OBJC_ISA_USAGE = YES_ERROR;
				CLANG_WARN_DOCUMENTATION_COMMENTS = YES;
				CLANG_WARN_EMPTY_BODY = YES;
				CLANG_WARN_ENUM_CONVERSION = YES;
				CLANG_WARN_INFINITE_RECURSION = YES;
				CLANG_WARN_INT_CONVERSION = YES;
				CLANG_WARN_NON_LITERAL_NULL_CONVERSION = YES;
				CLANG_WARN_OBJC_IMPLICIT_RETAIN_SELF = YES;
				CLANG_WARN_OBJC_LITERAL_CONVERSION = YES;
				CLANG_WARN_OBJC_ROOT_CLASS = YES_ERROR;
				CLANG_WARN_RANGE_LOOP_ANALYSIS = YES;
				CLANG_WARN_STRICT_PROTOTYPES = YES;
				CLANG_WARN_SUSPICIOUS_MOVE = YES;
				CLANG_WARN_UNGUARDED_AVAILABILITY = YES_AGGRESSIVE;
				CLANG_WARN_UNREACHABLE_CODE = YES;
				CLANG_WARN__DUPLICATE_METHOD_MATCH = YES;
				CODE_SIGN_IDENTITY = "iPhone Developer";
				COPY_PHASE_STRIP = NO;
				DEBUG_INFORMATION_FORMAT = dwarf;
				ENABLE_STRICT_OBJC_MSGSEND = YES;
				ENABLE_TESTABILITY = YES;
				GCC_C_LANGUAGE_STANDARD = gnu11;
				GCC_DYNAMIC_NO_PIC = NO;
				GCC_NO_COMMON_BLOCKS = YES;
				GCC_OPTIMIZATION_LEVEL = 0;
				GCC_PREPROCESSOR_DEFINITIONS = (
					"DEBUG=1",
					"$(inherited)",
				);
				GCC_WARN_64_TO_32_BIT_CONVERSION = YES;
				GCC_WARN_ABOUT_RETURN_TYPE = YES_ERROR;
				GCC_WARN_UNDECLARED_SELECTOR = YES;
				GCC_WARN_UNINITIALIZED_AUTOS = YES_AGGRESSIVE;
				GCC_WARN_UNUSED_FUNCTION = YES;
				GCC_WARN_UNUSED_VARIABLE = YES;
				IPHONEOS_DEPLOYMENT_TARGET = 12.2;
				MTL_ENABLE_DEBUG_INFO = INCLUDE_SOURCE;
				MTL_FAST_MATH = YES;
				ONLY_ACTIVE_ARCH = YES;
				SDKROOT = iphoneos;
				SWIFT_ACTIVE_COMPILATION_CONDITIONS = DEBUG;
				SWIFT_OPTIMIZATION_LEVEL = "-Onone";
			};
			name = Debug;
		};
		ECAB024A23A79452008D0E1B /* Release */ = {
			isa = XCBuildConfiguration;
			buildSettings = {
				ALWAYS_SEARCH_USER_PATHS = NO;
				CLANG_ANALYZER_NONNULL = YES;
				CLANG_ANALYZER_NUMBER_OBJECT_CONVERSION = YES_AGGRESSIVE;
				CLANG_CXX_LANGUAGE_STANDARD = "gnu++14";
				CLANG_CXX_LIBRARY = "libc++";
				CLANG_ENABLE_MODULES = YES;
				CLANG_ENABLE_OBJC_ARC = YES;
				CLANG_ENABLE_OBJC_WEAK = YES;
				CLANG_WARN_BLOCK_CAPTURE_AUTORELEASING = YES;
				CLANG_WARN_BOOL_CONVERSION = YES;
				CLANG_WARN_COMMA = YES;
				CLANG_WARN_CONSTANT_CONVERSION = YES;
				CLANG_WARN_DEPRECATED_OBJC_IMPLEMENTATIONS = YES;
				CLANG_WARN_DIRECT_OBJC_ISA_USAGE = YES_ERROR;
				CLANG_WARN_DOCUMENTATION_COMMENTS = YES;
				CLANG_WARN_EMPTY_BODY = YES;
				CLANG_WARN_ENUM_CONVERSION = YES;
				CLANG_WARN_INFINITE_RECURSION = YES;
				CLANG_WARN_INT_CONVERSION = YES;
				CLANG_WARN_NON_LITERAL_NULL_CONVERSION = YES;
				CLANG_WARN_OBJC_IMPLICIT_RETAIN_SELF = YES;
				CLANG_WARN_OBJC_LITERAL_CONVERSION = YES;
				CLANG_WARN_OBJC_ROOT_CLASS = YES_ERROR;
				CLANG_WARN_RANGE_LOOP_ANALYSIS = YES;
				CLANG_WARN_STRICT_PROTOTYPES = YES;
				CLANG_WARN_SUSPICIOUS_MOVE = YES;
				CLANG_WARN_UNGUARDED_AVAILABILITY = YES_AGGRESSIVE;
				CLANG_WARN_UNREACHABLE_CODE = YES;
				CLANG_WARN__DUPLICATE_METHOD_MATCH = YES;
				CODE_SIGN_IDENTITY = "iPhone Developer";
				COPY_PHASE_STRIP = NO;
				DEBUG_INFORMATION_FORMAT = "dwarf-with-dsym";
				ENABLE_NS_ASSERTIONS = NO;
				ENABLE_STRICT_OBJC_MSGSEND = YES;
				GCC_C_LANGUAGE_STANDARD = gnu11;
				GCC_NO_COMMON_BLOCKS = YES;
				GCC_WARN_64_TO_32_BIT_CONVERSION = YES;
				GCC_WARN_ABOUT_RETURN_TYPE = YES_ERROR;
				GCC_WARN_UNDECLARED_SELECTOR = YES;
				GCC_WARN_UNINITIALIZED_AUTOS = YES_AGGRESSIVE;
				GCC_WARN_UNUSED_FUNCTION = YES;
				GCC_WARN_UNUSED_VARIABLE = YES;
				IPHONEOS_DEPLOYMENT_TARGET = 12.2;
				MTL_ENABLE_DEBUG_INFO = NO;
				MTL_FAST_MATH = YES;
				SDKROOT = iphoneos;
				SWIFT_COMPILATION_MODE = wholemodule;
				SWIFT_OPTIMIZATION_LEVEL = "-O";
				VALIDATE_PRODUCT = YES;
			};
			name = Release;
		};
		ECAB024C23A79452008D0E1B /* Debug */ = {
			isa = XCBuildConfiguration;
			baseConfigurationReference = 67D9156135E56DDCAF1836FE /* Pods-PodsInstallation.debug.xcconfig */;
			buildSettings = {
				ASSETCATALOG_COMPILER_APPICON_NAME = AppIcon;
				CODE_SIGN_STYLE = Automatic;
				INFOPLIST_FILE = PodsInstallation/Info.plist;
				LD_RUNPATH_SEARCH_PATHS = (
					"$(inherited)",
					"@executable_path/Frameworks",
				);
				PRODUCT_BUNDLE_IDENTIFIER = testApp.PodsInstallation;
				PRODUCT_NAME = "$(TARGET_NAME)";
				SWIFT_VERSION = 5.0;
				TARGETED_DEVICE_FAMILY = "1,2";
			};
			name = Debug;
		};
		ECAB024D23A79452008D0E1B /* Release */ = {
			isa = XCBuildConfiguration;
			baseConfigurationReference = 3A28DB5F852C12DD937BB8DF /* Pods-PodsInstallation.release.xcconfig */;
			buildSettings = {
				ASSETCATALOG_COMPILER_APPICON_NAME = AppIcon;
				CODE_SIGN_STYLE = Automatic;
				INFOPLIST_FILE = PodsInstallation/Info.plist;
				LD_RUNPATH_SEARCH_PATHS = (
					"$(inherited)",
					"@executable_path/Frameworks",
				);
				PRODUCT_BUNDLE_IDENTIFIER = testApp.PodsInstallation;
				PRODUCT_NAME = "$(TARGET_NAME)";
				SWIFT_VERSION = 5.0;
				TARGETED_DEVICE_FAMILY = "1,2";
			};
			name = Release;
		};
/* End XCBuildConfiguration section */

/* Begin XCConfigurationList section */
		ECAB023423A79450008D0E1B /* Build configuration list for PBXProject "PodsInstallation" */ = {
			isa = XCConfigurationList;
			buildConfigurations = (
				ECAB024923A79452008D0E1B /* Debug */,
				ECAB024A23A79452008D0E1B /* Release */,
			);
			defaultConfigurationIsVisible = 0;
			defaultConfigurationName = Release;
		};
		ECAB024B23A79452008D0E1B /* Build configuration list for PBXNativeTarget "PodsInstallation" */ = {
			isa = XCConfigurationList;
			buildConfigurations = (
				ECAB024C23A79452008D0E1B /* Debug */,
				ECAB024D23A79452008D0E1B /* Release */,
			);
			defaultConfigurationIsVisible = 0;
			defaultConfigurationName = Release;
		};
/* End XCConfigurationList section */
	};
	rootObject = ECAB023123A79450008D0E1B /* Project object */;
}
